
Microsoft Visual Studio Solution File, Format Version 12.00
# Visual Studio Version 17
VisualStudioVersion = 17.1.32421.90
MinimumVisualStudioVersion = 10.0.40219.1
Project("{9A19103F-16F7-4668-BE54-9A1E7A4F7556}") = "ARESService", "ARESService\ARESService.csproj", "{72D7D89F-DA4B-4AD7-97BE-88E4FEBAF20D}"
EndProject
Project("{9A19103F-16F7-4668-BE54-9A1E7A4F7556}") = "UI", "UI\UI.csproj", "{93A3FF6B-2AAB-4763-9E41-ACCA2FA37578}"
EndProject
Project("{2150E333-8FDC-42A3-9474-1A3956D46DE8}") = "Solution Items", "Solution Items", "{34EE1EC2-46C7-4CE2-865D-A7D1EABE5CB9}"
	ProjectSection(SolutionItems) = preProject
		CertificateInstructions.txt = CertificateInstructions.txt
		MakeCerts.ps1 = MakeCerts.ps1
	EndProjectSection
EndProject
Project("{9A19103F-16F7-4668-BE54-9A1E7A4F7556}") = "AlicatMFC", "AlicatMFC\AlicatMFC.csproj", "{60D00788-F190-49FA-9E72-F10BD4862C09}"
EndProject
Project("{9A19103F-16F7-4668-BE54-9A1E7A4F7556}") = "SyringePumpNE1000", "SyringePumpNE1000\SyringePumpNE1000.csproj", "{5306E07F-1017-4B90-8C19-BEC90D0B22EF}"
EndProject
Project("{9A19103F-16F7-4668-BE54-9A1E7A4F7556}") = "TC0304", "TC0304\TC0304.csproj", "{98AD39C7-B807-44CC-9BC7-776CE88014F7}"
EndProject
Project("{9A19103F-16F7-4668-BE54-9A1E7A4F7556}") = "LindbergFurnace", "LindbergFurnace\LindbergFurnace.csproj", "{ACC58842-D3DB-4747-BD47-40611E92DE6C}"
EndProject
Project("{9A19103F-16F7-4668-BE54-9A1E7A4F7556}") = "HerkulexDRS", "HerkulexDRS\HerkulexDRS.csproj", "{E8AB53B1-3669-4705-8C1E-BEA7FAF679DA}"
EndProject
Project("{9A19103F-16F7-4668-BE54-9A1E7A4F7556}") = "TicStepperController", "TicStepperController\TicStepperController.csproj", "{B8385B3D-08D4-4332-85AE-9150348397A5}"
EndProject
Project("{9A19103F-16F7-4668-BE54-9A1E7A4F7556}") = "ValveController", "ValveController\ValveController.csproj", "{4470A78C-2BEE-4354-BC60-84174ADD60B1}"
EndProject
Project("{9A19103F-16F7-4668-BE54-9A1E7A4F7556}") = "ARESCore", "ARESCore\ARESCore.csproj", "{D17A499D-F792-4BEA-A085-2116F35DD23A}"
EndProject
Project("{9A19103F-16F7-4668-BE54-9A1E7A4F7556}") = "Ares.Core", "Ares.Core\Ares.Core.csproj", "{E4CF57CF-712E-47FD-B313-53CBA9D93AA2}"
EndProject
Project("{9A19103F-16F7-4668-BE54-9A1E7A4F7556}") = "Ares.Core.Grpc", "Ares.Core.Grpc\Ares.Core.Grpc.csproj", "{9B315B0F-0BDE-4DF4-B371-95CFA4546AAF}"
EndProject
Project("{9A19103F-16F7-4668-BE54-9A1E7A4F7556}") = "Ares.Core.Tests", "Ares.Core.Tests\Ares.Core.Tests.csproj", "{D334F5DB-3C2B-440B-8EEB-399730DD71EC}"
EndProject
Project("{9A19103F-16F7-4668-BE54-9A1E7A4F7556}") = "Ares.DataModel", "Ares.DataModel\Ares.DataModel.csproj", "{B94466C4-2D87-409D-995A-5BB86D6EC48A}"
EndProject
Project("{9A19103F-16F7-4668-BE54-9A1E7A4F7556}") = "Ares.DataModel.Grpc", "Ares.DataModel.Grpc\Ares.DataModel.Grpc.csproj", "{F5932A49-6EA5-4713-952C-20DFA89EFE36}"
EndProject
Project("{9A19103F-16F7-4668-BE54-9A1E7A4F7556}") = "Ares.Device", "Ares.Device\AresDevicePluginBase\Ares.Device.csproj", "{9C07D863-FEC6-4535-B339-5644B53B98AB}"
EndProject
Project("{9A19103F-16F7-4668-BE54-9A1E7A4F7556}") = "Ares.Device.Serial", "Ares.Device.Serial\AresSerial\Ares.Device.Serial.csproj", "{8B1DACB5-FBBF-44E2-88FA-458EB342D55C}"
EndProject
Project("{9A19103F-16F7-4668-BE54-9A1E7A4F7556}") = "Ares.Device.Serial.Tests", "Ares.Device.Serial.Tests\Ares.Device.Serial.Tests.csproj", "{8A808A9B-4A91-4796-9ABC-016D90F714CF}"
EndProject
Project("{9A19103F-16F7-4668-BE54-9A1E7A4F7556}") = "Ares.Device.Tests", "Ares.Device.Tests\Ares.Device.Tests.csproj", "{83F2A78F-A8EB-4E25-A6B1-0D403C6313EC}"
EndProject
Project("{9A19103F-16F7-4668-BE54-9A1E7A4F7556}") = "CoreDevice", "CoreDevice\CoreDevice.csproj", "{DC9BA8B7-2543-4DE1-B43E-BEDB622AE62C}"
EndProject
Global
	GlobalSection(SolutionConfigurationPlatforms) = preSolution
		Debug|Any CPU = Debug|Any CPU
		Debug|ARM = Debug|ARM
		Debug|ARM64 = Debug|ARM64
		Debug|x64 = Debug|x64
		Debug|x86 = Debug|x86
		Release|Any CPU = Release|Any CPU
		Release|ARM = Release|ARM
		Release|ARM64 = Release|ARM64
		Release|x64 = Release|x64
		Release|x86 = Release|x86
	EndGlobalSection
	GlobalSection(ProjectConfigurationPlatforms) = postSolution
		{72D7D89F-DA4B-4AD7-97BE-88E4FEBAF20D}.Debug|Any CPU.ActiveCfg = Debug|Any CPU
		{72D7D89F-DA4B-4AD7-97BE-88E4FEBAF20D}.Debug|Any CPU.Build.0 = Debug|Any CPU
		{72D7D89F-DA4B-4AD7-97BE-88E4FEBAF20D}.Debug|ARM.ActiveCfg = Debug|Any CPU
		{72D7D89F-DA4B-4AD7-97BE-88E4FEBAF20D}.Debug|ARM.Build.0 = Debug|Any CPU
		{72D7D89F-DA4B-4AD7-97BE-88E4FEBAF20D}.Debug|ARM64.ActiveCfg = Debug|Any CPU
		{72D7D89F-DA4B-4AD7-97BE-88E4FEBAF20D}.Debug|ARM64.Build.0 = Debug|Any CPU
		{72D7D89F-DA4B-4AD7-97BE-88E4FEBAF20D}.Debug|x64.ActiveCfg = Debug|Any CPU
		{72D7D89F-DA4B-4AD7-97BE-88E4FEBAF20D}.Debug|x64.Build.0 = Debug|Any CPU
		{72D7D89F-DA4B-4AD7-97BE-88E4FEBAF20D}.Debug|x86.ActiveCfg = Debug|Any CPU
		{72D7D89F-DA4B-4AD7-97BE-88E4FEBAF20D}.Debug|x86.Build.0 = Debug|Any CPU
		{72D7D89F-DA4B-4AD7-97BE-88E4FEBAF20D}.Release|Any CPU.ActiveCfg = Release|Any CPU
		{72D7D89F-DA4B-4AD7-97BE-88E4FEBAF20D}.Release|Any CPU.Build.0 = Release|Any CPU
		{72D7D89F-DA4B-4AD7-97BE-88E4FEBAF20D}.Release|ARM.ActiveCfg = Release|Any CPU
		{72D7D89F-DA4B-4AD7-97BE-88E4FEBAF20D}.Release|ARM.Build.0 = Release|Any CPU
		{72D7D89F-DA4B-4AD7-97BE-88E4FEBAF20D}.Release|ARM64.ActiveCfg = Release|Any CPU
		{72D7D89F-DA4B-4AD7-97BE-88E4FEBAF20D}.Release|ARM64.Build.0 = Release|Any CPU
		{72D7D89F-DA4B-4AD7-97BE-88E4FEBAF20D}.Release|x64.ActiveCfg = Release|Any CPU
		{72D7D89F-DA4B-4AD7-97BE-88E4FEBAF20D}.Release|x64.Build.0 = Release|Any CPU
		{72D7D89F-DA4B-4AD7-97BE-88E4FEBAF20D}.Release|x86.ActiveCfg = Release|Any CPU
		{72D7D89F-DA4B-4AD7-97BE-88E4FEBAF20D}.Release|x86.Build.0 = Release|Any CPU
		{93A3FF6B-2AAB-4763-9E41-ACCA2FA37578}.Debug|Any CPU.ActiveCfg = Debug|Any CPU
		{93A3FF6B-2AAB-4763-9E41-ACCA2FA37578}.Debug|Any CPU.Build.0 = Debug|Any CPU
		{93A3FF6B-2AAB-4763-9E41-ACCA2FA37578}.Debug|ARM.ActiveCfg = Debug|Any CPU
		{93A3FF6B-2AAB-4763-9E41-ACCA2FA37578}.Debug|ARM.Build.0 = Debug|Any CPU
		{93A3FF6B-2AAB-4763-9E41-ACCA2FA37578}.Debug|ARM64.ActiveCfg = Debug|Any CPU
		{93A3FF6B-2AAB-4763-9E41-ACCA2FA37578}.Debug|ARM64.Build.0 = Debug|Any CPU
		{93A3FF6B-2AAB-4763-9E41-ACCA2FA37578}.Debug|x64.ActiveCfg = Debug|Any CPU
		{93A3FF6B-2AAB-4763-9E41-ACCA2FA37578}.Debug|x64.Build.0 = Debug|Any CPU
		{93A3FF6B-2AAB-4763-9E41-ACCA2FA37578}.Debug|x86.ActiveCfg = Debug|Any CPU
		{93A3FF6B-2AAB-4763-9E41-ACCA2FA37578}.Debug|x86.Build.0 = Debug|Any CPU
		{93A3FF6B-2AAB-4763-9E41-ACCA2FA37578}.Release|Any CPU.ActiveCfg = Release|Any CPU
		{93A3FF6B-2AAB-4763-9E41-ACCA2FA37578}.Release|Any CPU.Build.0 = Release|Any CPU
		{93A3FF6B-2AAB-4763-9E41-ACCA2FA37578}.Release|ARM.ActiveCfg = Release|Any CPU
		{93A3FF6B-2AAB-4763-9E41-ACCA2FA37578}.Release|ARM.Build.0 = Release|Any CPU
		{93A3FF6B-2AAB-4763-9E41-ACCA2FA37578}.Release|ARM64.ActiveCfg = Release|Any CPU
		{93A3FF6B-2AAB-4763-9E41-ACCA2FA37578}.Release|ARM64.Build.0 = Release|Any CPU
		{93A3FF6B-2AAB-4763-9E41-ACCA2FA37578}.Release|x64.ActiveCfg = Release|Any CPU
		{93A3FF6B-2AAB-4763-9E41-ACCA2FA37578}.Release|x64.Build.0 = Release|Any CPU
		{93A3FF6B-2AAB-4763-9E41-ACCA2FA37578}.Release|x86.ActiveCfg = Release|Any CPU
		{93A3FF6B-2AAB-4763-9E41-ACCA2FA37578}.Release|x86.Build.0 = Release|Any CPU
		{60D00788-F190-49FA-9E72-F10BD4862C09}.Debug|Any CPU.ActiveCfg = Debug|Any CPU
		{60D00788-F190-49FA-9E72-F10BD4862C09}.Debug|Any CPU.Build.0 = Debug|Any CPU
		{60D00788-F190-49FA-9E72-F10BD4862C09}.Debug|ARM.ActiveCfg = Debug|Any CPU
		{60D00788-F190-49FA-9E72-F10BD4862C09}.Debug|ARM.Build.0 = Debug|Any CPU
		{60D00788-F190-49FA-9E72-F10BD4862C09}.Debug|ARM64.ActiveCfg = Debug|Any CPU
		{60D00788-F190-49FA-9E72-F10BD4862C09}.Debug|ARM64.Build.0 = Debug|Any CPU
		{60D00788-F190-49FA-9E72-F10BD4862C09}.Debug|x64.ActiveCfg = Debug|Any CPU
		{60D00788-F190-49FA-9E72-F10BD4862C09}.Debug|x64.Build.0 = Debug|Any CPU
		{60D00788-F190-49FA-9E72-F10BD4862C09}.Debug|x86.ActiveCfg = Debug|Any CPU
		{60D00788-F190-49FA-9E72-F10BD4862C09}.Debug|x86.Build.0 = Debug|Any CPU
		{60D00788-F190-49FA-9E72-F10BD4862C09}.Release|Any CPU.ActiveCfg = Release|Any CPU
		{60D00788-F190-49FA-9E72-F10BD4862C09}.Release|Any CPU.Build.0 = Release|Any CPU
		{60D00788-F190-49FA-9E72-F10BD4862C09}.Release|ARM.ActiveCfg = Release|Any CPU
		{60D00788-F190-49FA-9E72-F10BD4862C09}.Release|ARM.Build.0 = Release|Any CPU
		{60D00788-F190-49FA-9E72-F10BD4862C09}.Release|ARM64.ActiveCfg = Release|Any CPU
		{60D00788-F190-49FA-9E72-F10BD4862C09}.Release|ARM64.Build.0 = Release|Any CPU
		{60D00788-F190-49FA-9E72-F10BD4862C09}.Release|x64.ActiveCfg = Release|Any CPU
		{60D00788-F190-49FA-9E72-F10BD4862C09}.Release|x64.Build.0 = Release|Any CPU
		{60D00788-F190-49FA-9E72-F10BD4862C09}.Release|x86.ActiveCfg = Release|Any CPU
		{60D00788-F190-49FA-9E72-F10BD4862C09}.Release|x86.Build.0 = Release|Any CPU
		{5306E07F-1017-4B90-8C19-BEC90D0B22EF}.Debug|Any CPU.ActiveCfg = Debug|Any CPU
		{5306E07F-1017-4B90-8C19-BEC90D0B22EF}.Debug|Any CPU.Build.0 = Debug|Any CPU
		{5306E07F-1017-4B90-8C19-BEC90D0B22EF}.Debug|ARM.ActiveCfg = Debug|Any CPU
		{5306E07F-1017-4B90-8C19-BEC90D0B22EF}.Debug|ARM.Build.0 = Debug|Any CPU
		{5306E07F-1017-4B90-8C19-BEC90D0B22EF}.Debug|ARM64.ActiveCfg = Debug|Any CPU
		{5306E07F-1017-4B90-8C19-BEC90D0B22EF}.Debug|ARM64.Build.0 = Debug|Any CPU
		{5306E07F-1017-4B90-8C19-BEC90D0B22EF}.Debug|x64.ActiveCfg = Debug|Any CPU
		{5306E07F-1017-4B90-8C19-BEC90D0B22EF}.Debug|x64.Build.0 = Debug|Any CPU
		{5306E07F-1017-4B90-8C19-BEC90D0B22EF}.Debug|x86.ActiveCfg = Debug|Any CPU
		{5306E07F-1017-4B90-8C19-BEC90D0B22EF}.Debug|x86.Build.0 = Debug|Any CPU
		{5306E07F-1017-4B90-8C19-BEC90D0B22EF}.Release|Any CPU.ActiveCfg = Release|Any CPU
		{5306E07F-1017-4B90-8C19-BEC90D0B22EF}.Release|Any CPU.Build.0 = Release|Any CPU
		{5306E07F-1017-4B90-8C19-BEC90D0B22EF}.Release|ARM.ActiveCfg = Release|Any CPU
		{5306E07F-1017-4B90-8C19-BEC90D0B22EF}.Release|ARM.Build.0 = Release|Any CPU
		{5306E07F-1017-4B90-8C19-BEC90D0B22EF}.Release|ARM64.ActiveCfg = Release|Any CPU
		{5306E07F-1017-4B90-8C19-BEC90D0B22EF}.Release|ARM64.Build.0 = Release|Any CPU
		{5306E07F-1017-4B90-8C19-BEC90D0B22EF}.Release|x64.ActiveCfg = Release|Any CPU
		{5306E07F-1017-4B90-8C19-BEC90D0B22EF}.Release|x64.Build.0 = Release|Any CPU
		{5306E07F-1017-4B90-8C19-BEC90D0B22EF}.Release|x86.ActiveCfg = Release|Any CPU
		{5306E07F-1017-4B90-8C19-BEC90D0B22EF}.Release|x86.Build.0 = Release|Any CPU
		{98AD39C7-B807-44CC-9BC7-776CE88014F7}.Debug|Any CPU.ActiveCfg = Debug|Any CPU
		{98AD39C7-B807-44CC-9BC7-776CE88014F7}.Debug|Any CPU.Build.0 = Debug|Any CPU
		{98AD39C7-B807-44CC-9BC7-776CE88014F7}.Debug|ARM.ActiveCfg = Debug|Any CPU
		{98AD39C7-B807-44CC-9BC7-776CE88014F7}.Debug|ARM.Build.0 = Debug|Any CPU
		{98AD39C7-B807-44CC-9BC7-776CE88014F7}.Debug|ARM64.ActiveCfg = Debug|Any CPU
		{98AD39C7-B807-44CC-9BC7-776CE88014F7}.Debug|ARM64.Build.0 = Debug|Any CPU
		{98AD39C7-B807-44CC-9BC7-776CE88014F7}.Debug|x64.ActiveCfg = Debug|Any CPU
		{98AD39C7-B807-44CC-9BC7-776CE88014F7}.Debug|x64.Build.0 = Debug|Any CPU
		{98AD39C7-B807-44CC-9BC7-776CE88014F7}.Debug|x86.ActiveCfg = Debug|Any CPU
		{98AD39C7-B807-44CC-9BC7-776CE88014F7}.Debug|x86.Build.0 = Debug|Any CPU
		{98AD39C7-B807-44CC-9BC7-776CE88014F7}.Release|Any CPU.ActiveCfg = Release|Any CPU
		{98AD39C7-B807-44CC-9BC7-776CE88014F7}.Release|Any CPU.Build.0 = Release|Any CPU
		{98AD39C7-B807-44CC-9BC7-776CE88014F7}.Release|ARM.ActiveCfg = Release|Any CPU
		{98AD39C7-B807-44CC-9BC7-776CE88014F7}.Release|ARM.Build.0 = Release|Any CPU
		{98AD39C7-B807-44CC-9BC7-776CE88014F7}.Release|ARM64.ActiveCfg = Release|Any CPU
		{98AD39C7-B807-44CC-9BC7-776CE88014F7}.Release|ARM64.Build.0 = Release|Any CPU
		{98AD39C7-B807-44CC-9BC7-776CE88014F7}.Release|x64.ActiveCfg = Release|Any CPU
		{98AD39C7-B807-44CC-9BC7-776CE88014F7}.Release|x64.Build.0 = Release|Any CPU
		{98AD39C7-B807-44CC-9BC7-776CE88014F7}.Release|x86.ActiveCfg = Release|Any CPU
		{98AD39C7-B807-44CC-9BC7-776CE88014F7}.Release|x86.Build.0 = Release|Any CPU
		{ACC58842-D3DB-4747-BD47-40611E92DE6C}.Debug|Any CPU.ActiveCfg = Debug|Any CPU
		{ACC58842-D3DB-4747-BD47-40611E92DE6C}.Debug|Any CPU.Build.0 = Debug|Any CPU
		{ACC58842-D3DB-4747-BD47-40611E92DE6C}.Debug|ARM.ActiveCfg = Debug|Any CPU
		{ACC58842-D3DB-4747-BD47-40611E92DE6C}.Debug|ARM.Build.0 = Debug|Any CPU
		{ACC58842-D3DB-4747-BD47-40611E92DE6C}.Debug|ARM64.ActiveCfg = Debug|Any CPU
		{ACC58842-D3DB-4747-BD47-40611E92DE6C}.Debug|ARM64.Build.0 = Debug|Any CPU
		{ACC58842-D3DB-4747-BD47-40611E92DE6C}.Debug|x64.ActiveCfg = Debug|Any CPU
		{ACC58842-D3DB-4747-BD47-40611E92DE6C}.Debug|x64.Build.0 = Debug|Any CPU
		{ACC58842-D3DB-4747-BD47-40611E92DE6C}.Debug|x86.ActiveCfg = Debug|Any CPU
		{ACC58842-D3DB-4747-BD47-40611E92DE6C}.Debug|x86.Build.0 = Debug|Any CPU
		{ACC58842-D3DB-4747-BD47-40611E92DE6C}.Release|Any CPU.ActiveCfg = Release|Any CPU
		{ACC58842-D3DB-4747-BD47-40611E92DE6C}.Release|Any CPU.Build.0 = Release|Any CPU
		{ACC58842-D3DB-4747-BD47-40611E92DE6C}.Release|ARM.ActiveCfg = Release|Any CPU
		{ACC58842-D3DB-4747-BD47-40611E92DE6C}.Release|ARM.Build.0 = Release|Any CPU
		{ACC58842-D3DB-4747-BD47-40611E92DE6C}.Release|ARM64.ActiveCfg = Release|Any CPU
		{ACC58842-D3DB-4747-BD47-40611E92DE6C}.Release|ARM64.Build.0 = Release|Any CPU
		{ACC58842-D3DB-4747-BD47-40611E92DE6C}.Release|x64.ActiveCfg = Release|Any CPU
		{ACC58842-D3DB-4747-BD47-40611E92DE6C}.Release|x64.Build.0 = Release|Any CPU
		{ACC58842-D3DB-4747-BD47-40611E92DE6C}.Release|x86.ActiveCfg = Release|Any CPU
		{ACC58842-D3DB-4747-BD47-40611E92DE6C}.Release|x86.Build.0 = Release|Any CPU
		{E8AB53B1-3669-4705-8C1E-BEA7FAF679DA}.Debug|Any CPU.ActiveCfg = Debug|Any CPU
		{E8AB53B1-3669-4705-8C1E-BEA7FAF679DA}.Debug|Any CPU.Build.0 = Debug|Any CPU
		{E8AB53B1-3669-4705-8C1E-BEA7FAF679DA}.Debug|ARM.ActiveCfg = Debug|Any CPU
		{E8AB53B1-3669-4705-8C1E-BEA7FAF679DA}.Debug|ARM.Build.0 = Debug|Any CPU
		{E8AB53B1-3669-4705-8C1E-BEA7FAF679DA}.Debug|ARM64.ActiveCfg = Debug|Any CPU
		{E8AB53B1-3669-4705-8C1E-BEA7FAF679DA}.Debug|ARM64.Build.0 = Debug|Any CPU
		{E8AB53B1-3669-4705-8C1E-BEA7FAF679DA}.Debug|x64.ActiveCfg = Debug|Any CPU
		{E8AB53B1-3669-4705-8C1E-BEA7FAF679DA}.Debug|x64.Build.0 = Debug|Any CPU
		{E8AB53B1-3669-4705-8C1E-BEA7FAF679DA}.Debug|x86.ActiveCfg = Debug|Any CPU
		{E8AB53B1-3669-4705-8C1E-BEA7FAF679DA}.Debug|x86.Build.0 = Debug|Any CPU
		{E8AB53B1-3669-4705-8C1E-BEA7FAF679DA}.Release|Any CPU.ActiveCfg = Release|Any CPU
		{E8AB53B1-3669-4705-8C1E-BEA7FAF679DA}.Release|Any CPU.Build.0 = Release|Any CPU
		{E8AB53B1-3669-4705-8C1E-BEA7FAF679DA}.Release|ARM.ActiveCfg = Release|Any CPU
		{E8AB53B1-3669-4705-8C1E-BEA7FAF679DA}.Release|ARM.Build.0 = Release|Any CPU
		{E8AB53B1-3669-4705-8C1E-BEA7FAF679DA}.Release|ARM64.ActiveCfg = Release|Any CPU
		{E8AB53B1-3669-4705-8C1E-BEA7FAF679DA}.Release|ARM64.Build.0 = Release|Any CPU
		{E8AB53B1-3669-4705-8C1E-BEA7FAF679DA}.Release|x64.ActiveCfg = Release|Any CPU
		{E8AB53B1-3669-4705-8C1E-BEA7FAF679DA}.Release|x64.Build.0 = Release|Any CPU
		{E8AB53B1-3669-4705-8C1E-BEA7FAF679DA}.Release|x86.ActiveCfg = Release|Any CPU
		{E8AB53B1-3669-4705-8C1E-BEA7FAF679DA}.Release|x86.Build.0 = Release|Any CPU
		{B8385B3D-08D4-4332-85AE-9150348397A5}.Debug|Any CPU.ActiveCfg = Debug|Any CPU
		{B8385B3D-08D4-4332-85AE-9150348397A5}.Debug|Any CPU.Build.0 = Debug|Any CPU
		{B8385B3D-08D4-4332-85AE-9150348397A5}.Debug|ARM.ActiveCfg = Debug|Any CPU
		{B8385B3D-08D4-4332-85AE-9150348397A5}.Debug|ARM.Build.0 = Debug|Any CPU
		{B8385B3D-08D4-4332-85AE-9150348397A5}.Debug|ARM64.ActiveCfg = Debug|Any CPU
		{B8385B3D-08D4-4332-85AE-9150348397A5}.Debug|ARM64.Build.0 = Debug|Any CPU
		{B8385B3D-08D4-4332-85AE-9150348397A5}.Debug|x64.ActiveCfg = Debug|Any CPU
		{B8385B3D-08D4-4332-85AE-9150348397A5}.Debug|x64.Build.0 = Debug|Any CPU
		{B8385B3D-08D4-4332-85AE-9150348397A5}.Debug|x86.ActiveCfg = Debug|Any CPU
		{B8385B3D-08D4-4332-85AE-9150348397A5}.Debug|x86.Build.0 = Debug|Any CPU
		{B8385B3D-08D4-4332-85AE-9150348397A5}.Release|Any CPU.ActiveCfg = Release|Any CPU
		{B8385B3D-08D4-4332-85AE-9150348397A5}.Release|Any CPU.Build.0 = Release|Any CPU
		{B8385B3D-08D4-4332-85AE-9150348397A5}.Release|ARM.ActiveCfg = Release|Any CPU
		{B8385B3D-08D4-4332-85AE-9150348397A5}.Release|ARM.Build.0 = Release|Any CPU
		{B8385B3D-08D4-4332-85AE-9150348397A5}.Release|ARM64.ActiveCfg = Release|Any CPU
		{B8385B3D-08D4-4332-85AE-9150348397A5}.Release|ARM64.Build.0 = Release|Any CPU
		{B8385B3D-08D4-4332-85AE-9150348397A5}.Release|x64.ActiveCfg = Release|Any CPU
		{B8385B3D-08D4-4332-85AE-9150348397A5}.Release|x64.Build.0 = Release|Any CPU
		{B8385B3D-08D4-4332-85AE-9150348397A5}.Release|x86.ActiveCfg = Release|Any CPU
		{B8385B3D-08D4-4332-85AE-9150348397A5}.Release|x86.Build.0 = Release|Any CPU
		{4470A78C-2BEE-4354-BC60-84174ADD60B1}.Debug|Any CPU.ActiveCfg = Debug|Any CPU
		{4470A78C-2BEE-4354-BC60-84174ADD60B1}.Debug|Any CPU.Build.0 = Debug|Any CPU
		{4470A78C-2BEE-4354-BC60-84174ADD60B1}.Debug|ARM.ActiveCfg = Debug|Any CPU
		{4470A78C-2BEE-4354-BC60-84174ADD60B1}.Debug|ARM.Build.0 = Debug|Any CPU
		{4470A78C-2BEE-4354-BC60-84174ADD60B1}.Debug|ARM64.ActiveCfg = Debug|Any CPU
		{4470A78C-2BEE-4354-BC60-84174ADD60B1}.Debug|ARM64.Build.0 = Debug|Any CPU
		{4470A78C-2BEE-4354-BC60-84174ADD60B1}.Debug|x64.ActiveCfg = Debug|Any CPU
		{4470A78C-2BEE-4354-BC60-84174ADD60B1}.Debug|x64.Build.0 = Debug|Any CPU
		{4470A78C-2BEE-4354-BC60-84174ADD60B1}.Debug|x86.ActiveCfg = Debug|Any CPU
		{4470A78C-2BEE-4354-BC60-84174ADD60B1}.Debug|x86.Build.0 = Debug|Any CPU
		{4470A78C-2BEE-4354-BC60-84174ADD60B1}.Release|Any CPU.ActiveCfg = Release|Any CPU
		{4470A78C-2BEE-4354-BC60-84174ADD60B1}.Release|Any CPU.Build.0 = Release|Any CPU
		{4470A78C-2BEE-4354-BC60-84174ADD60B1}.Release|ARM.ActiveCfg = Release|Any CPU
		{4470A78C-2BEE-4354-BC60-84174ADD60B1}.Release|ARM.Build.0 = Release|Any CPU
		{4470A78C-2BEE-4354-BC60-84174ADD60B1}.Release|ARM64.ActiveCfg = Release|Any CPU
		{4470A78C-2BEE-4354-BC60-84174ADD60B1}.Release|ARM64.Build.0 = Release|Any CPU
		{4470A78C-2BEE-4354-BC60-84174ADD60B1}.Release|x64.ActiveCfg = Release|Any CPU
		{4470A78C-2BEE-4354-BC60-84174ADD60B1}.Release|x64.Build.0 = Release|Any CPU
		{4470A78C-2BEE-4354-BC60-84174ADD60B1}.Release|x86.ActiveCfg = Release|Any CPU
		{4470A78C-2BEE-4354-BC60-84174ADD60B1}.Release|x86.Build.0 = Release|Any CPU
		{D17A499D-F792-4BEA-A085-2116F35DD23A}.Debug|Any CPU.ActiveCfg = Debug|Any CPU
		{D17A499D-F792-4BEA-A085-2116F35DD23A}.Debug|Any CPU.Build.0 = Debug|Any CPU
		{D17A499D-F792-4BEA-A085-2116F35DD23A}.Debug|ARM.ActiveCfg = Debug|Any CPU
		{D17A499D-F792-4BEA-A085-2116F35DD23A}.Debug|ARM.Build.0 = Debug|Any CPU
		{D17A499D-F792-4BEA-A085-2116F35DD23A}.Debug|ARM64.ActiveCfg = Debug|Any CPU
		{D17A499D-F792-4BEA-A085-2116F35DD23A}.Debug|ARM64.Build.0 = Debug|Any CPU
		{D17A499D-F792-4BEA-A085-2116F35DD23A}.Debug|x64.ActiveCfg = Debug|Any CPU
		{D17A499D-F792-4BEA-A085-2116F35DD23A}.Debug|x64.Build.0 = Debug|Any CPU
		{D17A499D-F792-4BEA-A085-2116F35DD23A}.Debug|x86.ActiveCfg = Debug|Any CPU
		{D17A499D-F792-4BEA-A085-2116F35DD23A}.Debug|x86.Build.0 = Debug|Any CPU
		{D17A499D-F792-4BEA-A085-2116F35DD23A}.Release|Any CPU.ActiveCfg = Release|Any CPU
		{D17A499D-F792-4BEA-A085-2116F35DD23A}.Release|Any CPU.Build.0 = Release|Any CPU
		{D17A499D-F792-4BEA-A085-2116F35DD23A}.Release|ARM.ActiveCfg = Release|Any CPU
		{D17A499D-F792-4BEA-A085-2116F35DD23A}.Release|ARM.Build.0 = Release|Any CPU
		{D17A499D-F792-4BEA-A085-2116F35DD23A}.Release|ARM64.ActiveCfg = Release|Any CPU
		{D17A499D-F792-4BEA-A085-2116F35DD23A}.Release|ARM64.Build.0 = Release|Any CPU
		{D17A499D-F792-4BEA-A085-2116F35DD23A}.Release|x64.ActiveCfg = Release|Any CPU
		{D17A499D-F792-4BEA-A085-2116F35DD23A}.Release|x64.Build.0 = Release|Any CPU
		{D17A499D-F792-4BEA-A085-2116F35DD23A}.Release|x86.ActiveCfg = Release|Any CPU
		{D17A499D-F792-4BEA-A085-2116F35DD23A}.Release|x86.Build.0 = Release|Any CPU
		{E4CF57CF-712E-47FD-B313-53CBA9D93AA2}.Debug|Any CPU.ActiveCfg = Debug|Any CPU
		{E4CF57CF-712E-47FD-B313-53CBA9D93AA2}.Debug|Any CPU.Build.0 = Debug|Any CPU
		{E4CF57CF-712E-47FD-B313-53CBA9D93AA2}.Debug|ARM.ActiveCfg = Debug|Any CPU
		{E4CF57CF-712E-47FD-B313-53CBA9D93AA2}.Debug|ARM.Build.0 = Debug|Any CPU
		{E4CF57CF-712E-47FD-B313-53CBA9D93AA2}.Debug|ARM64.ActiveCfg = Debug|Any CPU
		{E4CF57CF-712E-47FD-B313-53CBA9D93AA2}.Debug|ARM64.Build.0 = Debug|Any CPU
		{E4CF57CF-712E-47FD-B313-53CBA9D93AA2}.Debug|x64.ActiveCfg = Debug|Any CPU
		{E4CF57CF-712E-47FD-B313-53CBA9D93AA2}.Debug|x64.Build.0 = Debug|Any CPU
		{E4CF57CF-712E-47FD-B313-53CBA9D93AA2}.Debug|x86.ActiveCfg = Debug|Any CPU
		{E4CF57CF-712E-47FD-B313-53CBA9D93AA2}.Debug|x86.Build.0 = Debug|Any CPU
		{E4CF57CF-712E-47FD-B313-53CBA9D93AA2}.Release|Any CPU.ActiveCfg = Release|Any CPU
		{E4CF57CF-712E-47FD-B313-53CBA9D93AA2}.Release|Any CPU.Build.0 = Release|Any CPU
		{E4CF57CF-712E-47FD-B313-53CBA9D93AA2}.Release|ARM.ActiveCfg = Release|Any CPU
		{E4CF57CF-712E-47FD-B313-53CBA9D93AA2}.Release|ARM.Build.0 = Release|Any CPU
		{E4CF57CF-712E-47FD-B313-53CBA9D93AA2}.Release|ARM64.ActiveCfg = Release|Any CPU
		{E4CF57CF-712E-47FD-B313-53CBA9D93AA2}.Release|ARM64.Build.0 = Release|Any CPU
		{E4CF57CF-712E-47FD-B313-53CBA9D93AA2}.Release|x64.ActiveCfg = Release|Any CPU
		{E4CF57CF-712E-47FD-B313-53CBA9D93AA2}.Release|x64.Build.0 = Release|Any CPU
		{E4CF57CF-712E-47FD-B313-53CBA9D93AA2}.Release|x86.ActiveCfg = Release|Any CPU
		{E4CF57CF-712E-47FD-B313-53CBA9D93AA2}.Release|x86.Build.0 = Release|Any CPU
		{9B315B0F-0BDE-4DF4-B371-95CFA4546AAF}.Debug|Any CPU.ActiveCfg = Debug|Any CPU
		{9B315B0F-0BDE-4DF4-B371-95CFA4546AAF}.Debug|Any CPU.Build.0 = Debug|Any CPU
		{9B315B0F-0BDE-4DF4-B371-95CFA4546AAF}.Debug|ARM.ActiveCfg = Debug|Any CPU
		{9B315B0F-0BDE-4DF4-B371-95CFA4546AAF}.Debug|ARM.Build.0 = Debug|Any CPU
		{9B315B0F-0BDE-4DF4-B371-95CFA4546AAF}.Debug|ARM64.ActiveCfg = Debug|Any CPU
		{9B315B0F-0BDE-4DF4-B371-95CFA4546AAF}.Debug|ARM64.Build.0 = Debug|Any CPU
		{9B315B0F-0BDE-4DF4-B371-95CFA4546AAF}.Debug|x64.ActiveCfg = Debug|Any CPU
		{9B315B0F-0BDE-4DF4-B371-95CFA4546AAF}.Debug|x64.Build.0 = Debug|Any CPU
		{9B315B0F-0BDE-4DF4-B371-95CFA4546AAF}.Debug|x86.ActiveCfg = Debug|Any CPU
		{9B315B0F-0BDE-4DF4-B371-95CFA4546AAF}.Debug|x86.Build.0 = Debug|Any CPU
		{9B315B0F-0BDE-4DF4-B371-95CFA4546AAF}.Release|Any CPU.ActiveCfg = Release|Any CPU
		{9B315B0F-0BDE-4DF4-B371-95CFA4546AAF}.Release|Any CPU.Build.0 = Release|Any CPU
		{9B315B0F-0BDE-4DF4-B371-95CFA4546AAF}.Release|ARM.ActiveCfg = Release|Any CPU
		{9B315B0F-0BDE-4DF4-B371-95CFA4546AAF}.Release|ARM.Build.0 = Release|Any CPU
		{9B315B0F-0BDE-4DF4-B371-95CFA4546AAF}.Release|ARM64.ActiveCfg = Release|Any CPU
		{9B315B0F-0BDE-4DF4-B371-95CFA4546AAF}.Release|ARM64.Build.0 = Release|Any CPU
		{9B315B0F-0BDE-4DF4-B371-95CFA4546AAF}.Release|x64.ActiveCfg = Release|Any CPU
		{9B315B0F-0BDE-4DF4-B371-95CFA4546AAF}.Release|x64.Build.0 = Release|Any CPU
		{9B315B0F-0BDE-4DF4-B371-95CFA4546AAF}.Release|x86.ActiveCfg = Release|Any CPU
		{9B315B0F-0BDE-4DF4-B371-95CFA4546AAF}.Release|x86.Build.0 = Release|Any CPU
		{D334F5DB-3C2B-440B-8EEB-399730DD71EC}.Debug|Any CPU.ActiveCfg = Debug|Any CPU
		{D334F5DB-3C2B-440B-8EEB-399730DD71EC}.Debug|Any CPU.Build.0 = Debug|Any CPU
		{D334F5DB-3C2B-440B-8EEB-399730DD71EC}.Debug|ARM.ActiveCfg = Debug|Any CPU
		{D334F5DB-3C2B-440B-8EEB-399730DD71EC}.Debug|ARM.Build.0 = Debug|Any CPU
		{D334F5DB-3C2B-440B-8EEB-399730DD71EC}.Debug|ARM64.ActiveCfg = Debug|Any CPU
		{D334F5DB-3C2B-440B-8EEB-399730DD71EC}.Debug|ARM64.Build.0 = Debug|Any CPU
		{D334F5DB-3C2B-440B-8EEB-399730DD71EC}.Debug|x64.ActiveCfg = Debug|Any CPU
		{D334F5DB-3C2B-440B-8EEB-399730DD71EC}.Debug|x64.Build.0 = Debug|Any CPU
		{D334F5DB-3C2B-440B-8EEB-399730DD71EC}.Debug|x86.ActiveCfg = Debug|Any CPU
		{D334F5DB-3C2B-440B-8EEB-399730DD71EC}.Debug|x86.Build.0 = Debug|Any CPU
		{D334F5DB-3C2B-440B-8EEB-399730DD71EC}.Release|Any CPU.ActiveCfg = Release|Any CPU
		{D334F5DB-3C2B-440B-8EEB-399730DD71EC}.Release|Any CPU.Build.0 = Release|Any CPU
		{D334F5DB-3C2B-440B-8EEB-399730DD71EC}.Release|ARM.ActiveCfg = Release|Any CPU
		{D334F5DB-3C2B-440B-8EEB-399730DD71EC}.Release|ARM.Build.0 = Release|Any CPU
		{D334F5DB-3C2B-440B-8EEB-399730DD71EC}.Release|ARM64.ActiveCfg = Release|Any CPU
		{D334F5DB-3C2B-440B-8EEB-399730DD71EC}.Release|ARM64.Build.0 = Release|Any CPU
		{D334F5DB-3C2B-440B-8EEB-399730DD71EC}.Release|x64.ActiveCfg = Release|Any CPU
		{D334F5DB-3C2B-440B-8EEB-399730DD71EC}.Release|x64.Build.0 = Release|Any CPU
		{D334F5DB-3C2B-440B-8EEB-399730DD71EC}.Release|x86.ActiveCfg = Release|Any CPU
		{D334F5DB-3C2B-440B-8EEB-399730DD71EC}.Release|x86.Build.0 = Release|Any CPU
		{B94466C4-2D87-409D-995A-5BB86D6EC48A}.Debug|Any CPU.ActiveCfg = Debug|Any CPU
		{B94466C4-2D87-409D-995A-5BB86D6EC48A}.Debug|Any CPU.Build.0 = Debug|Any CPU
		{B94466C4-2D87-409D-995A-5BB86D6EC48A}.Debug|ARM.ActiveCfg = Debug|Any CPU
		{B94466C4-2D87-409D-995A-5BB86D6EC48A}.Debug|ARM.Build.0 = Debug|Any CPU
		{B94466C4-2D87-409D-995A-5BB86D6EC48A}.Debug|ARM64.ActiveCfg = Debug|Any CPU
		{B94466C4-2D87-409D-995A-5BB86D6EC48A}.Debug|ARM64.Build.0 = Debug|Any CPU
		{B94466C4-2D87-409D-995A-5BB86D6EC48A}.Debug|x64.ActiveCfg = Debug|Any CPU
		{B94466C4-2D87-409D-995A-5BB86D6EC48A}.Debug|x64.Build.0 = Debug|Any CPU
		{B94466C4-2D87-409D-995A-5BB86D6EC48A}.Debug|x86.ActiveCfg = Debug|Any CPU
		{B94466C4-2D87-409D-995A-5BB86D6EC48A}.Debug|x86.Build.0 = Debug|Any CPU
		{B94466C4-2D87-409D-995A-5BB86D6EC48A}.Release|Any CPU.ActiveCfg = Release|Any CPU
		{B94466C4-2D87-409D-995A-5BB86D6EC48A}.Release|Any CPU.Build.0 = Release|Any CPU
		{B94466C4-2D87-409D-995A-5BB86D6EC48A}.Release|ARM.ActiveCfg = Release|Any CPU
		{B94466C4-2D87-409D-995A-5BB86D6EC48A}.Release|ARM.Build.0 = Release|Any CPU
		{B94466C4-2D87-409D-995A-5BB86D6EC48A}.Release|ARM64.ActiveCfg = Release|Any CPU
		{B94466C4-2D87-409D-995A-5BB86D6EC48A}.Release|ARM64.Build.0 = Release|Any CPU
		{B94466C4-2D87-409D-995A-5BB86D6EC48A}.Release|x64.ActiveCfg = Release|Any CPU
		{B94466C4-2D87-409D-995A-5BB86D6EC48A}.Release|x64.Build.0 = Release|Any CPU
		{B94466C4-2D87-409D-995A-5BB86D6EC48A}.Release|x86.ActiveCfg = Release|Any CPU
		{B94466C4-2D87-409D-995A-5BB86D6EC48A}.Release|x86.Build.0 = Release|Any CPU
		{F5932A49-6EA5-4713-952C-20DFA89EFE36}.Debug|Any CPU.ActiveCfg = Debug|Any CPU
		{F5932A49-6EA5-4713-952C-20DFA89EFE36}.Debug|Any CPU.Build.0 = Debug|Any CPU
		{F5932A49-6EA5-4713-952C-20DFA89EFE36}.Debug|ARM.ActiveCfg = Debug|Any CPU
		{F5932A49-6EA5-4713-952C-20DFA89EFE36}.Debug|ARM.Build.0 = Debug|Any CPU
		{F5932A49-6EA5-4713-952C-20DFA89EFE36}.Debug|ARM64.ActiveCfg = Debug|Any CPU
		{F5932A49-6EA5-4713-952C-20DFA89EFE36}.Debug|ARM64.Build.0 = Debug|Any CPU
		{F5932A49-6EA5-4713-952C-20DFA89EFE36}.Debug|x64.ActiveCfg = Debug|Any CPU
		{F5932A49-6EA5-4713-952C-20DFA89EFE36}.Debug|x64.Build.0 = Debug|Any CPU
		{F5932A49-6EA5-4713-952C-20DFA89EFE36}.Debug|x86.ActiveCfg = Debug|Any CPU
		{F5932A49-6EA5-4713-952C-20DFA89EFE36}.Debug|x86.Build.0 = Debug|Any CPU
		{F5932A49-6EA5-4713-952C-20DFA89EFE36}.Release|Any CPU.ActiveCfg = Release|Any CPU
		{F5932A49-6EA5-4713-952C-20DFA89EFE36}.Release|Any CPU.Build.0 = Release|Any CPU
		{F5932A49-6EA5-4713-952C-20DFA89EFE36}.Release|ARM.ActiveCfg = Release|Any CPU
		{F5932A49-6EA5-4713-952C-20DFA89EFE36}.Release|ARM.Build.0 = Release|Any CPU
		{F5932A49-6EA5-4713-952C-20DFA89EFE36}.Release|ARM64.ActiveCfg = Release|Any CPU
		{F5932A49-6EA5-4713-952C-20DFA89EFE36}.Release|ARM64.Build.0 = Release|Any CPU
		{F5932A49-6EA5-4713-952C-20DFA89EFE36}.Release|x64.ActiveCfg = Release|Any CPU
		{F5932A49-6EA5-4713-952C-20DFA89EFE36}.Release|x64.Build.0 = Release|Any CPU
		{F5932A49-6EA5-4713-952C-20DFA89EFE36}.Release|x86.ActiveCfg = Release|Any CPU
		{F5932A49-6EA5-4713-952C-20DFA89EFE36}.Release|x86.Build.0 = Release|Any CPU
		{9C07D863-FEC6-4535-B339-5644B53B98AB}.Debug|Any CPU.ActiveCfg = Debug|Any CPU
		{9C07D863-FEC6-4535-B339-5644B53B98AB}.Debug|Any CPU.Build.0 = Debug|Any CPU
		{9C07D863-FEC6-4535-B339-5644B53B98AB}.Debug|ARM.ActiveCfg = Debug|Any CPU
		{9C07D863-FEC6-4535-B339-5644B53B98AB}.Debug|ARM.Build.0 = Debug|Any CPU
		{9C07D863-FEC6-4535-B339-5644B53B98AB}.Debug|ARM64.ActiveCfg = Debug|Any CPU
		{9C07D863-FEC6-4535-B339-5644B53B98AB}.Debug|ARM64.Build.0 = Debug|Any CPU
		{9C07D863-FEC6-4535-B339-5644B53B98AB}.Debug|x64.ActiveCfg = Debug|Any CPU
		{9C07D863-FEC6-4535-B339-5644B53B98AB}.Debug|x64.Build.0 = Debug|Any CPU
		{9C07D863-FEC6-4535-B339-5644B53B98AB}.Debug|x86.ActiveCfg = Debug|Any CPU
		{9C07D863-FEC6-4535-B339-5644B53B98AB}.Debug|x86.Build.0 = Debug|Any CPU
		{9C07D863-FEC6-4535-B339-5644B53B98AB}.Release|Any CPU.ActiveCfg = Release|Any CPU
		{9C07D863-FEC6-4535-B339-5644B53B98AB}.Release|Any CPU.Build.0 = Release|Any CPU
		{9C07D863-FEC6-4535-B339-5644B53B98AB}.Release|ARM.ActiveCfg = Release|Any CPU
		{9C07D863-FEC6-4535-B339-5644B53B98AB}.Release|ARM.Build.0 = Release|Any CPU
		{9C07D863-FEC6-4535-B339-5644B53B98AB}.Release|ARM64.ActiveCfg = Release|Any CPU
		{9C07D863-FEC6-4535-B339-5644B53B98AB}.Release|ARM64.Build.0 = Release|Any CPU
		{9C07D863-FEC6-4535-B339-5644B53B98AB}.Release|x64.ActiveCfg = Release|Any CPU
		{9C07D863-FEC6-4535-B339-5644B53B98AB}.Release|x64.Build.0 = Release|Any CPU
		{9C07D863-FEC6-4535-B339-5644B53B98AB}.Release|x86.ActiveCfg = Release|Any CPU
		{9C07D863-FEC6-4535-B339-5644B53B98AB}.Release|x86.Build.0 = Release|Any CPU
		{8B1DACB5-FBBF-44E2-88FA-458EB342D55C}.Debug|Any CPU.ActiveCfg = Debug|Any CPU
		{8B1DACB5-FBBF-44E2-88FA-458EB342D55C}.Debug|Any CPU.Build.0 = Debug|Any CPU
		{8B1DACB5-FBBF-44E2-88FA-458EB342D55C}.Debug|ARM.ActiveCfg = Debug|Any CPU
		{8B1DACB5-FBBF-44E2-88FA-458EB342D55C}.Debug|ARM.Build.0 = Debug|Any CPU
		{8B1DACB5-FBBF-44E2-88FA-458EB342D55C}.Debug|ARM64.ActiveCfg = Debug|Any CPU
		{8B1DACB5-FBBF-44E2-88FA-458EB342D55C}.Debug|ARM64.Build.0 = Debug|Any CPU
		{8B1DACB5-FBBF-44E2-88FA-458EB342D55C}.Debug|x64.ActiveCfg = Debug|Any CPU
		{8B1DACB5-FBBF-44E2-88FA-458EB342D55C}.Debug|x64.Build.0 = Debug|Any CPU
		{8B1DACB5-FBBF-44E2-88FA-458EB342D55C}.Debug|x86.ActiveCfg = Debug|Any CPU
		{8B1DACB5-FBBF-44E2-88FA-458EB342D55C}.Debug|x86.Build.0 = Debug|Any CPU
		{8B1DACB5-FBBF-44E2-88FA-458EB342D55C}.Release|Any CPU.ActiveCfg = Release|Any CPU
		{8B1DACB5-FBBF-44E2-88FA-458EB342D55C}.Release|Any CPU.Build.0 = Release|Any CPU
		{8B1DACB5-FBBF-44E2-88FA-458EB342D55C}.Release|ARM.ActiveCfg = Release|Any CPU
		{8B1DACB5-FBBF-44E2-88FA-458EB342D55C}.Release|ARM.Build.0 = Release|Any CPU
		{8B1DACB5-FBBF-44E2-88FA-458EB342D55C}.Release|ARM64.ActiveCfg = Release|Any CPU
		{8B1DACB5-FBBF-44E2-88FA-458EB342D55C}.Release|ARM64.Build.0 = Release|Any CPU
		{8B1DACB5-FBBF-44E2-88FA-458EB342D55C}.Release|x64.ActiveCfg = Release|Any CPU
		{8B1DACB5-FBBF-44E2-88FA-458EB342D55C}.Release|x64.Build.0 = Release|Any CPU
		{8B1DACB5-FBBF-44E2-88FA-458EB342D55C}.Release|x86.ActiveCfg = Release|Any CPU
		{8B1DACB5-FBBF-44E2-88FA-458EB342D55C}.Release|x86.Build.0 = Release|Any CPU
		{8A808A9B-4A91-4796-9ABC-016D90F714CF}.Debug|Any CPU.ActiveCfg = Debug|Any CPU
		{8A808A9B-4A91-4796-9ABC-016D90F714CF}.Debug|Any CPU.Build.0 = Debug|Any CPU
		{8A808A9B-4A91-4796-9ABC-016D90F714CF}.Debug|ARM.ActiveCfg = Debug|Any CPU
		{8A808A9B-4A91-4796-9ABC-016D90F714CF}.Debug|ARM.Build.0 = Debug|Any CPU
		{8A808A9B-4A91-4796-9ABC-016D90F714CF}.Debug|ARM64.ActiveCfg = Debug|Any CPU
		{8A808A9B-4A91-4796-9ABC-016D90F714CF}.Debug|ARM64.Build.0 = Debug|Any CPU
		{8A808A9B-4A91-4796-9ABC-016D90F714CF}.Debug|x64.ActiveCfg = Debug|Any CPU
		{8A808A9B-4A91-4796-9ABC-016D90F714CF}.Debug|x64.Build.0 = Debug|Any CPU
		{8A808A9B-4A91-4796-9ABC-016D90F714CF}.Debug|x86.ActiveCfg = Debug|Any CPU
		{8A808A9B-4A91-4796-9ABC-016D90F714CF}.Debug|x86.Build.0 = Debug|Any CPU
		{8A808A9B-4A91-4796-9ABC-016D90F714CF}.Release|Any CPU.ActiveCfg = Release|Any CPU
		{8A808A9B-4A91-4796-9ABC-016D90F714CF}.Release|Any CPU.Build.0 = Release|Any CPU
		{8A808A9B-4A91-4796-9ABC-016D90F714CF}.Release|ARM.ActiveCfg = Release|Any CPU
		{8A808A9B-4A91-4796-9ABC-016D90F714CF}.Release|ARM.Build.0 = Release|Any CPU
		{8A808A9B-4A91-4796-9ABC-016D90F714CF}.Release|ARM64.ActiveCfg = Release|Any CPU
		{8A808A9B-4A91-4796-9ABC-016D90F714CF}.Release|ARM64.Build.0 = Release|Any CPU
		{8A808A9B-4A91-4796-9ABC-016D90F714CF}.Release|x64.ActiveCfg = Release|Any CPU
		{8A808A9B-4A91-4796-9ABC-016D90F714CF}.Release|x64.Build.0 = Release|Any CPU
		{8A808A9B-4A91-4796-9ABC-016D90F714CF}.Release|x86.ActiveCfg = Release|Any CPU
		{8A808A9B-4A91-4796-9ABC-016D90F714CF}.Release|x86.Build.0 = Release|Any CPU
		{83F2A78F-A8EB-4E25-A6B1-0D403C6313EC}.Debug|Any CPU.ActiveCfg = Debug|Any CPU
		{83F2A78F-A8EB-4E25-A6B1-0D403C6313EC}.Debug|Any CPU.Build.0 = Debug|Any CPU
		{83F2A78F-A8EB-4E25-A6B1-0D403C6313EC}.Debug|ARM.ActiveCfg = Debug|Any CPU
		{83F2A78F-A8EB-4E25-A6B1-0D403C6313EC}.Debug|ARM.Build.0 = Debug|Any CPU
		{83F2A78F-A8EB-4E25-A6B1-0D403C6313EC}.Debug|ARM64.ActiveCfg = Debug|Any CPU
		{83F2A78F-A8EB-4E25-A6B1-0D403C6313EC}.Debug|ARM64.Build.0 = Debug|Any CPU
		{83F2A78F-A8EB-4E25-A6B1-0D403C6313EC}.Debug|x64.ActiveCfg = Debug|Any CPU
		{83F2A78F-A8EB-4E25-A6B1-0D403C6313EC}.Debug|x64.Build.0 = Debug|Any CPU
		{83F2A78F-A8EB-4E25-A6B1-0D403C6313EC}.Debug|x86.ActiveCfg = Debug|Any CPU
		{83F2A78F-A8EB-4E25-A6B1-0D403C6313EC}.Debug|x86.Build.0 = Debug|Any CPU
		{83F2A78F-A8EB-4E25-A6B1-0D403C6313EC}.Release|Any CPU.ActiveCfg = Release|Any CPU
		{83F2A78F-A8EB-4E25-A6B1-0D403C6313EC}.Release|Any CPU.Build.0 = Release|Any CPU
		{83F2A78F-A8EB-4E25-A6B1-0D403C6313EC}.Release|ARM.ActiveCfg = Release|Any CPU
		{83F2A78F-A8EB-4E25-A6B1-0D403C6313EC}.Release|ARM.Build.0 = Release|Any CPU
		{83F2A78F-A8EB-4E25-A6B1-0D403C6313EC}.Release|ARM64.ActiveCfg = Release|Any CPU
		{83F2A78F-A8EB-4E25-A6B1-0D403C6313EC}.Release|ARM64.Build.0 = Release|Any CPU
		{83F2A78F-A8EB-4E25-A6B1-0D403C6313EC}.Release|x64.ActiveCfg = Release|Any CPU
		{83F2A78F-A8EB-4E25-A6B1-0D403C6313EC}.Release|x64.Build.0 = Release|Any CPU
		{83F2A78F-A8EB-4E25-A6B1-0D403C6313EC}.Release|x86.ActiveCfg = Release|Any CPU
		{83F2A78F-A8EB-4E25-A6B1-0D403C6313EC}.Release|x86.Build.0 = Release|Any CPU
		{DC9BA8B7-2543-4DE1-B43E-BEDB622AE62C}.Debug|Any CPU.ActiveCfg = Debug|Any CPU
		{DC9BA8B7-2543-4DE1-B43E-BEDB622AE62C}.Debug|Any CPU.Build.0 = Debug|Any CPU
		{DC9BA8B7-2543-4DE1-B43E-BEDB622AE62C}.Debug|ARM.ActiveCfg = Debug|Any CPU
		{DC9BA8B7-2543-4DE1-B43E-BEDB622AE62C}.Debug|ARM.Build.0 = Debug|Any CPU
		{DC9BA8B7-2543-4DE1-B43E-BEDB622AE62C}.Debug|ARM64.ActiveCfg = Debug|Any CPU
		{DC9BA8B7-2543-4DE1-B43E-BEDB622AE62C}.Debug|ARM64.Build.0 = Debug|Any CPU
		{DC9BA8B7-2543-4DE1-B43E-BEDB622AE62C}.Debug|x64.ActiveCfg = Debug|Any CPU
		{DC9BA8B7-2543-4DE1-B43E-BEDB622AE62C}.Debug|x64.Build.0 = Debug|Any CPU
		{DC9BA8B7-2543-4DE1-B43E-BEDB622AE62C}.Debug|x86.ActiveCfg = Debug|Any CPU
		{DC9BA8B7-2543-4DE1-B43E-BEDB622AE62C}.Debug|x86.Build.0 = Debug|Any CPU
		{DC9BA8B7-2543-4DE1-B43E-BEDB622AE62C}.Release|Any CPU.ActiveCfg = Release|Any CPU
		{DC9BA8B7-2543-4DE1-B43E-BEDB622AE62C}.Release|Any CPU.Build.0 = Release|Any CPU
		{DC9BA8B7-2543-4DE1-B43E-BEDB622AE62C}.Release|ARM.ActiveCfg = Release|Any CPU
		{DC9BA8B7-2543-4DE1-B43E-BEDB622AE62C}.Release|ARM.Build.0 = Release|Any CPU
		{DC9BA8B7-2543-4DE1-B43E-BEDB622AE62C}.Release|ARM64.ActiveCfg = Release|Any CPU
		{DC9BA8B7-2543-4DE1-B43E-BEDB622AE62C}.Release|ARM64.Build.0 = Release|Any CPU
		{DC9BA8B7-2543-4DE1-B43E-BEDB622AE62C}.Release|x64.ActiveCfg = Release|Any CPU
		{DC9BA8B7-2543-4DE1-B43E-BEDB622AE62C}.Release|x64.Build.0 = Release|Any CPU
		{DC9BA8B7-2543-4DE1-B43E-BEDB622AE62C}.Release|x86.ActiveCfg = Release|Any CPU
		{DC9BA8B7-2543-4DE1-B43E-BEDB622AE62C}.Release|x86.Build.0 = Release|Any CPU
	EndGlobalSection
	GlobalSection(SolutionProperties) = preSolution
		HideSolutionNode = FALSE
	EndGlobalSection
	GlobalSection(ExtensibilityGlobals) = postSolution
		SolutionGuid = {16D1D922-9FD0-4766-A9AA-B7CB2CBA7C2B}
	EndGlobalSection
EndGlobal
