
Microsoft Visual Studio Solution File, Format Version 12.00
# Visual Studio Version 17
VisualStudioVersion = 17.3.32519.111
MinimumVisualStudioVersion = 10.0.40219.1
Project("{FAE04EC0-301F-11D3-BF4B-00C04F79EFBC}") = "SerialTester", "SerialTester.csproj", "{CE331820-9D66-443D-B5C6-EB7DA8FE74FA}"
EndProject
Global
	GlobalSection(SolutionConfigurationPlatforms) = preSolution
		Debug|Any CPU = Debug|Any CPU
		Release|Any CPU = Release|Any CPU
	EndGlobalSection
	GlobalSection(ProjectConfigurationPlatforms) = postSolution
		{CE331820-9D66-443D-B5C6-EB7DA8FE74FA}.Debug|Any CPU.ActiveCfg = Debug|Any CPU
		{CE331820-9D66-443D-B5C6-EB7DA8FE74FA}.Debug|Any CPU.Build.0 = Debug|Any CPU
		{CE331820-9D66-443D-B5C6-EB7DA8FE74FA}.Release|Any CPU.ActiveCfg = Release|Any CPU
		{CE331820-9D66-443D-B5C6-EB7DA8FE74FA}.Release|Any CPU.Build.0 = Release|Any CPU
	EndGlobalSection
	GlobalSection(SolutionProperties) = preSolution
		HideSolutionNode = FALSE
	EndGlobalSection
	GlobalSection(ExtensibilityGlobals) = postSolution
		SolutionGuid = {67554254-18E0-46CB-A31C-57BD3948FCB7}
	EndGlobalSection
EndGlobal
